
Microsoft Visual Studio Solution File, Format Version 12.00
# Visual Studio Version 17
VisualStudioVersion = 17.4.33205.214
MinimumVisualStudioVersion = 10.0.40219.1
Project("{8BC9CEB8-8B4A-11D0-8D11-00A0C91BC942}") = "Project-DesignPattern", "Project-DesignPattern\Project-DesignPattern.vcxproj", "{CEFF83C8-2270-4BCD-ADD0-105314E7576E}"
EndProject
Global
	GlobalSection(SolutionConfigurationPlatforms) = preSolution
		Debug|x64 = Debug|x64
		Debug|x86 = Debug|x86
		Release|x64 = Release|x64
		Release|x86 = Release|x86
	EndGlobalSection
	GlobalSection(ProjectConfigurationPlatforms) = postSolution
		{CEFF83C8-2270-4BCD-ADD0-105314E7576E}.Debug|x64.ActiveCfg = Debug|x64
		{CEFF83C8-2270-4BCD-ADD0-105314E7576E}.Debug|x64.Build.0 = Debug|x64
		{CEFF83C8-2270-4BCD-ADD0-105314E7576E}.Debug|x86.ActiveCfg = Debug|Win32
		{CEFF83C8-2270-4BCD-ADD0-105314E7576E}.Debug|x86.Build.0 = Debug|Win32
		{CEFF83C8-2270-4BCD-ADD0-105314E7576E}.Release|x64.ActiveCfg = Release|x64
		{CEFF83C8-2270-4BCD-ADD0-105314E7576E}.Release|x64.Build.0 = Release|x64
		{CEFF83C8-2270-4BCD-ADD0-105314E7576E}.Release|x86.ActiveCfg = Release|Win32
		{CEFF83C8-2270-4BCD-ADD0-105314E7576E}.Release|x86.Build.0 = Release|Win32
	EndGlobalSection
	GlobalSection(SolutionProperties) = preSolution
		HideSolutionNode = FALSE
	EndGlobalSection
	GlobalSection(ExtensibilityGlobals) = postSolution
		SolutionGuid = {7924E365-2F14-4E87-AF1E-459A5AE3DE9B}
	EndGlobalSection
EndGlobal
